
Microsoft Visual Studio Solution File, Format Version 12.00
# Visual Studio Version 17
VisualStudioVersion = 17.11.35303.130
MinimumVisualStudioVersion = 10.0.40219.1
Project("{FAE04EC0-301F-11D3-BF4B-00C04F79EFBC}") = "Custom", "Custom\Custom.csproj", "{736A4B00-B479-47DD-A056-97B1E5FAD598}"
EndProject
Global
	GlobalSection(SolutionConfigurationPlatforms) = preSolution
		Debug|Any CPU = Debug|Any CPU
		Release|Any CPU = Release|Any CPU
	EndGlobalSection
	GlobalSection(ProjectConfigurationPlatforms) = postSolution
		{736A4B00-B479-47DD-A056-97B1E5FAD598}.Debug|Any CPU.ActiveCfg = Debug|Any CPU
		{736A4B00-B479-47DD-A056-97B1E5FAD598}.Debug|Any CPU.Build.0 = Debug|Any CPU
		{736A4B00-B479-47DD-A056-97B1E5FAD598}.Release|Any CPU.ActiveCfg = Release|Any CPU
		{736A4B00-B479-47DD-A056-97B1E5FAD598}.Release|Any CPU.Build.0 = Release|Any CPU
	EndGlobalSection
	GlobalSection(SolutionProperties) = preSolution
		HideSolutionNode = FALSE
	EndGlobalSection
	GlobalSection(ExtensibilityGlobals) = postSolution
		SolutionGuid = {56CEC253-FFD3-418D-AD77-C46C1F22FC68}
	EndGlobalSection
EndGlobal
